
Microsoft Visual Studio Solution File, Format Version 12.00
# Visual Studio Version 17
VisualStudioVersion = 17.9.34607.119
MinimumVisualStudioVersion = 10.0.40219.1
Project("{FAE04EC0-301F-11D3-BF4B-00C04F79EFBC}") = "Loteria2", "Loteria2.csproj", "{FD580DCB-C360-4707-A612-82D57D106C70}"
EndProject
Global
	GlobalSection(SolutionConfigurationPlatforms) = preSolution
		Debug|Any CPU = Debug|Any CPU
		Release|Any CPU = Release|Any CPU
	EndGlobalSection
	GlobalSection(ProjectConfigurationPlatforms) = postSolution
		{FD580DCB-C360-4707-A612-82D57D106C70}.Debug|Any CPU.ActiveCfg = Debug|Any CPU
		{FD580DCB-C360-4707-A612-82D57D106C70}.Debug|Any CPU.Build.0 = Debug|Any CPU
		{FD580DCB-C360-4707-A612-82D57D106C70}.Release|Any CPU.ActiveCfg = Release|Any CPU
		{FD580DCB-C360-4707-A612-82D57D106C70}.Release|Any CPU.Build.0 = Release|Any CPU
	EndGlobalSection
	GlobalSection(SolutionProperties) = preSolution
		HideSolutionNode = FALSE
	EndGlobalSection
	GlobalSection(ExtensibilityGlobals) = postSolution
		SolutionGuid = {0D753D49-7FCE-4BD7-B0FF-5C46BCEC7418}
	EndGlobalSection
EndGlobal
