
Microsoft Visual Studio Solution File, Format Version 12.00
# Visual Studio Version 17
VisualStudioVersion = 17.14.36121.58 d17.14
MinimumVisualStudioVersion = 10.0.40219.1
Project("{FAE04EC0-301F-11D3-BF4B-00C04F79EFBC}") = "ConvertirGrados", "ConvertirGrados.csproj", "{90546E87-56AC-429A-B89B-ADC01773E379}"
EndProject
Global
	GlobalSection(SolutionConfigurationPlatforms) = preSolution
		Debug|Any CPU = Debug|Any CPU
		Release|Any CPU = Release|Any CPU
	EndGlobalSection
	GlobalSection(ProjectConfigurationPlatforms) = postSolution
		{90546E87-56AC-429A-B89B-ADC01773E379}.Debug|Any CPU.ActiveCfg = Debug|Any CPU
		{90546E87-56AC-429A-B89B-ADC01773E379}.Debug|Any CPU.Build.0 = Debug|Any CPU
		{90546E87-56AC-429A-B89B-ADC01773E379}.Release|Any CPU.ActiveCfg = Release|Any CPU
		{90546E87-56AC-429A-B89B-ADC01773E379}.Release|Any CPU.Build.0 = Release|Any CPU
	EndGlobalSection
	GlobalSection(SolutionProperties) = preSolution
		HideSolutionNode = FALSE
	EndGlobalSection
	GlobalSection(ExtensibilityGlobals) = postSolution
		SolutionGuid = {90A57F83-D263-49DF-A0E3-A268A7B3778F}
	EndGlobalSection
EndGlobal
