
Microsoft Visual Studio Solution File, Format Version 12.00
# Visual Studio Version 17
VisualStudioVersion = 17.13.35825.156 d17.13
MinimumVisualStudioVersion = 10.0.40219.1
Project("{FAE04EC0-301F-11D3-BF4B-00C04F79EFBC}") = "Estadisticas", "Estadisticas.csproj", "{97BA9A2A-1F6B-4B2E-B324-0A0454109A17}"
EndProject
Global
	GlobalSection(SolutionConfigurationPlatforms) = preSolution
		Debug|Any CPU = Debug|Any CPU
		Release|Any CPU = Release|Any CPU
	EndGlobalSection
	GlobalSection(ProjectConfigurationPlatforms) = postSolution
		{97BA9A2A-1F6B-4B2E-B324-0A0454109A17}.Debug|Any CPU.ActiveCfg = Debug|Any CPU
		{97BA9A2A-1F6B-4B2E-B324-0A0454109A17}.Debug|Any CPU.Build.0 = Debug|Any CPU
		{97BA9A2A-1F6B-4B2E-B324-0A0454109A17}.Release|Any CPU.ActiveCfg = Release|Any CPU
		{97BA9A2A-1F6B-4B2E-B324-0A0454109A17}.Release|Any CPU.Build.0 = Release|Any CPU
	EndGlobalSection
	GlobalSection(SolutionProperties) = preSolution
		HideSolutionNode = FALSE
	EndGlobalSection
	GlobalSection(ExtensibilityGlobals) = postSolution
		SolutionGuid = {4159BC2D-187D-4F82-8993-82C26AA2605F}
	EndGlobalSection
EndGlobal
