
Microsoft Visual Studio Solution File, Format Version 12.00
# Visual Studio Version 17
VisualStudioVersion = 17.10.35027.167
MinimumVisualStudioVersion = 10.0.40219.1
Project("{FAE04EC0-301F-11D3-BF4B-00C04F79EFBC}") = "LoteriaNombres", "LoteriaNombres.csproj", "{CED99B7E-6DE9-40EF-8FD0-E347705D755A}"
EndProject
Global
	GlobalSection(SolutionConfigurationPlatforms) = preSolution
		Debug|Any CPU = Debug|Any CPU
		Release|Any CPU = Release|Any CPU
	EndGlobalSection
	GlobalSection(ProjectConfigurationPlatforms) = postSolution
		{CED99B7E-6DE9-40EF-8FD0-E347705D755A}.Debug|Any CPU.ActiveCfg = Debug|Any CPU
		{CED99B7E-6DE9-40EF-8FD0-E347705D755A}.Debug|Any CPU.Build.0 = Debug|Any CPU
		{CED99B7E-6DE9-40EF-8FD0-E347705D755A}.Release|Any CPU.ActiveCfg = Release|Any CPU
		{CED99B7E-6DE9-40EF-8FD0-E347705D755A}.Release|Any CPU.Build.0 = Release|Any CPU
	EndGlobalSection
	GlobalSection(SolutionProperties) = preSolution
		HideSolutionNode = FALSE
	EndGlobalSection
	GlobalSection(ExtensibilityGlobals) = postSolution
		SolutionGuid = {74E1DB36-95A5-456B-82F5-F8D033B52A83}
	EndGlobalSection
EndGlobal
