
Microsoft Visual Studio Solution File, Format Version 12.00
# Visual Studio Version 17
VisualStudioVersion = 17.11.35327.3
MinimumVisualStudioVersion = 10.0.40219.1
Project("{FAE04EC0-301F-11D3-BF4B-00C04F79EFBC}") = "SelectorColores", "SelectorColores.csproj", "{30A34620-22E3-4E8A-BB9F-DF06628DD875}"
EndProject
Global
	GlobalSection(SolutionConfigurationPlatforms) = preSolution
		Debug|Any CPU = Debug|Any CPU
		Release|Any CPU = Release|Any CPU
	EndGlobalSection
	GlobalSection(ProjectConfigurationPlatforms) = postSolution
		{30A34620-22E3-4E8A-BB9F-DF06628DD875}.Debug|Any CPU.ActiveCfg = Debug|Any CPU
		{30A34620-22E3-4E8A-BB9F-DF06628DD875}.Debug|Any CPU.Build.0 = Debug|Any CPU
		{30A34620-22E3-4E8A-BB9F-DF06628DD875}.Release|Any CPU.ActiveCfg = Release|Any CPU
		{30A34620-22E3-4E8A-BB9F-DF06628DD875}.Release|Any CPU.Build.0 = Release|Any CPU
	EndGlobalSection
	GlobalSection(SolutionProperties) = preSolution
		HideSolutionNode = FALSE
	EndGlobalSection
	GlobalSection(ExtensibilityGlobals) = postSolution
		SolutionGuid = {AA78DFAD-35C6-4C70-B7E3-2216BBB123D5}
	EndGlobalSection
EndGlobal
