
Microsoft Visual Studio Solution File, Format Version 12.00
# Visual Studio Version 17
VisualStudioVersion = 17.13.35825.156 d17.13
MinimumVisualStudioVersion = 10.0.40219.1
Project("{FAE04EC0-301F-11D3-BF4B-00C04F79EFBC}") = "ContadorCaracteres2", "ContadorCaracteres2.csproj", "{D35DDA94-FB6F-4125-AC2A-5F95D0321809}"
EndProject
Global
	GlobalSection(SolutionConfigurationPlatforms) = preSolution
		Debug|Any CPU = Debug|Any CPU
		Release|Any CPU = Release|Any CPU
	EndGlobalSection
	GlobalSection(ProjectConfigurationPlatforms) = postSolution
		{D35DDA94-FB6F-4125-AC2A-5F95D0321809}.Debug|Any CPU.ActiveCfg = Debug|Any CPU
		{D35DDA94-FB6F-4125-AC2A-5F95D0321809}.Debug|Any CPU.Build.0 = Debug|Any CPU
		{D35DDA94-FB6F-4125-AC2A-5F95D0321809}.Release|Any CPU.ActiveCfg = Release|Any CPU
		{D35DDA94-FB6F-4125-AC2A-5F95D0321809}.Release|Any CPU.Build.0 = Release|Any CPU
	EndGlobalSection
	GlobalSection(SolutionProperties) = preSolution
		HideSolutionNode = FALSE
	EndGlobalSection
	GlobalSection(ExtensibilityGlobals) = postSolution
		SolutionGuid = {3D2A2024-786A-45A4-8C0E-1C466A81E7A6}
	EndGlobalSection
EndGlobal
