
Microsoft Visual Studio Solution File, Format Version 12.00
# Visual Studio Version 17
VisualStudioVersion = 17.10.34928.147
MinimumVisualStudioVersion = 10.0.40219.1
Project("{FAE04EC0-301F-11D3-BF4B-00C04F79EFBC}") = "PrimerPrograma2024-02", "PrimerPrograma2024-02.csproj", "{944B3415-B3EA-4184-989D-75B7EECEB2D9}"
EndProject
Global
	GlobalSection(SolutionConfigurationPlatforms) = preSolution
		Debug|Any CPU = Debug|Any CPU
		Release|Any CPU = Release|Any CPU
	EndGlobalSection
	GlobalSection(ProjectConfigurationPlatforms) = postSolution
		{944B3415-B3EA-4184-989D-75B7EECEB2D9}.Debug|Any CPU.ActiveCfg = Debug|Any CPU
		{944B3415-B3EA-4184-989D-75B7EECEB2D9}.Debug|Any CPU.Build.0 = Debug|Any CPU
		{944B3415-B3EA-4184-989D-75B7EECEB2D9}.Release|Any CPU.ActiveCfg = Release|Any CPU
		{944B3415-B3EA-4184-989D-75B7EECEB2D9}.Release|Any CPU.Build.0 = Release|Any CPU
	EndGlobalSection
	GlobalSection(SolutionProperties) = preSolution
		HideSolutionNode = FALSE
	EndGlobalSection
	GlobalSection(ExtensibilityGlobals) = postSolution
		SolutionGuid = {33333A21-4D43-4DB1-ADE9-1498E72CD01A}
	EndGlobalSection
EndGlobal
